
Microsoft Visual Studio Solution File, Format Version 12.00
# Visual Studio Version 16
VisualStudioVersion = 16.0.29020.237
MinimumVisualStudioVersion = 10.0.40219.1
Project("{8BC9CEB8-8B4A-11D0-8D11-00A0C91BC942}") = "Server", "Server.vcxproj", "{94E29805-90FD-4D73-B382-547ABD0B2F10}"
EndProject
Project("{8BC9CEB8-8B4A-11D0-8D11-00A0C91BC942}") = "Client", "..\Client\Client.vcxproj", "{146D220E-43CF-4DF7-977F-68FC266D88D5}"
EndProject
Project("{8BC9CEB8-8B4A-11D0-8D11-00A0C91BC942}") = "SocketWrapper", "..\SocketWrapper\SocketWrapper.vcxproj", "{4CADFAF1-DDF7-46D3-9ABD-F06BFE47B98E}"
EndProject
Project("{8BC9CEB8-8B4A-11D0-8D11-00A0C91BC942}") = "Logger", "..\Logger\Logger\Logger.vcxproj", "{D7C7DBB5-3966-47F2-8FA9-B33AB880175A}"
EndProject
Global
	GlobalSection(SolutionConfigurationPlatforms) = preSolution
		Debug|x64 = Debug|x64
		Debug|x86 = Debug|x86
		Release|x64 = Release|x64
		Release|x86 = Release|x86
	EndGlobalSection
	GlobalSection(ProjectConfigurationPlatforms) = postSolution
		{94E29805-90FD-4D73-B382-547ABD0B2F10}.Debug|x64.ActiveCfg = Debug|x64
		{94E29805-90FD-4D73-B382-547ABD0B2F10}.Debug|x64.Build.0 = Debug|x64
		{94E29805-90FD-4D73-B382-547ABD0B2F10}.Debug|x86.ActiveCfg = Debug|Win32
		{94E29805-90FD-4D73-B382-547ABD0B2F10}.Debug|x86.Build.0 = Debug|Win32
		{94E29805-90FD-4D73-B382-547ABD0B2F10}.Release|x64.ActiveCfg = Release|x64
		{94E29805-90FD-4D73-B382-547ABD0B2F10}.Release|x64.Build.0 = Release|x64
		{94E29805-90FD-4D73-B382-547ABD0B2F10}.Release|x86.ActiveCfg = Release|Win32
		{94E29805-90FD-4D73-B382-547ABD0B2F10}.Release|x86.Build.0 = Release|Win32
		{146D220E-43CF-4DF7-977F-68FC266D88D5}.Debug|x64.ActiveCfg = Debug|x64
		{146D220E-43CF-4DF7-977F-68FC266D88D5}.Debug|x64.Build.0 = Debug|x64
		{146D220E-43CF-4DF7-977F-68FC266D88D5}.Debug|x86.ActiveCfg = Debug|Win32
		{146D220E-43CF-4DF7-977F-68FC266D88D5}.Debug|x86.Build.0 = Debug|Win32
		{146D220E-43CF-4DF7-977F-68FC266D88D5}.Release|x64.ActiveCfg = Release|x64
		{146D220E-43CF-4DF7-977F-68FC266D88D5}.Release|x64.Build.0 = Release|x64
		{146D220E-43CF-4DF7-977F-68FC266D88D5}.Release|x86.ActiveCfg = Release|Win32
		{146D220E-43CF-4DF7-977F-68FC266D88D5}.Release|x86.Build.0 = Release|Win32
		{4CADFAF1-DDF7-46D3-9ABD-F06BFE47B98E}.Debug|x64.ActiveCfg = Debug|x64
		{4CADFAF1-DDF7-46D3-9ABD-F06BFE47B98E}.Debug|x64.Build.0 = Debug|x64
		{4CADFAF1-DDF7-46D3-9ABD-F06BFE47B98E}.Debug|x86.ActiveCfg = Debug|Win32
		{4CADFAF1-DDF7-46D3-9ABD-F06BFE47B98E}.Debug|x86.Build.0 = Debug|Win32
		{4CADFAF1-DDF7-46D3-9ABD-F06BFE47B98E}.Release|x64.ActiveCfg = Release|x64
		{4CADFAF1-DDF7-46D3-9ABD-F06BFE47B98E}.Release|x64.Build.0 = Release|x64
		{4CADFAF1-DDF7-46D3-9ABD-F06BFE47B98E}.Release|x86.ActiveCfg = Release|Win32
		{4CADFAF1-DDF7-46D3-9ABD-F06BFE47B98E}.Release|x86.Build.0 = Release|Win32
		{D7C7DBB5-3966-47F2-8FA9-B33AB880175A}.Debug|x64.ActiveCfg = Debug|x64
		{D7C7DBB5-3966-47F2-8FA9-B33AB880175A}.Debug|x64.Build.0 = Debug|x64
		{D7C7DBB5-3966-47F2-8FA9-B33AB880175A}.Debug|x86.ActiveCfg = Debug|Win32
		{D7C7DBB5-3966-47F2-8FA9-B33AB880175A}.Debug|x86.Build.0 = Debug|Win32
		{D7C7DBB5-3966-47F2-8FA9-B33AB880175A}.Release|x64.ActiveCfg = Release|x64
		{D7C7DBB5-3966-47F2-8FA9-B33AB880175A}.Release|x64.Build.0 = Release|x64
		{D7C7DBB5-3966-47F2-8FA9-B33AB880175A}.Release|x86.ActiveCfg = Release|Win32
		{D7C7DBB5-3966-47F2-8FA9-B33AB880175A}.Release|x86.Build.0 = Release|Win32
	EndGlobalSection
	GlobalSection(SolutionProperties) = preSolution
		HideSolutionNode = FALSE
	EndGlobalSection
	GlobalSection(ExtensibilityGlobals) = postSolution
		SolutionGuid = {17A123A7-32B7-4D60-9EEC-3B3BE7F2F502}
	EndGlobalSection
EndGlobal
